{
  "name": "ajs-homeworks_usinglibrary",
  "version": "1.0.0",
  "lockfileVersion": 1,
  "requires": true,
  "dependencies": {
    "@svetlanagreenfox/ajs-homeworks_platforms": {
      "version": "1.0.0",
      "resolved": "https://npm.pkg.github.com/download/@svetlanagreenfox/ajs-homeworks_platforms/1.0.0/76ab151c84d264dd35dd223acb5e67572f212b2979ec5a55fd8dcff26343226c",
      "integrity": "sha512-sspuQ4YWdO/Ht3Ccx3OCHp6Mws7kOhOmILPUjKAiGntOOvvEGej5jNJDHxvT6aIHhJvEasOAD7EJfqvSWVWStQ=="
    }
  }
}
